
Microsoft Visual Studio Solution File, Format Version 12.00
# Visual Studio 2013
VisualStudioVersion = 12.0.21005.1
MinimumVisualStudioVersion = 10.0.40219.1
Project("{FAE04EC0-301F-11D3-BF4B-00C04F79EFBC}") = "ClienteJSON", "ClienteJSON\ClienteJSON.csproj", "{204E429F-D219-46F4-97B7-E58B632CD0E4}"
EndProject
Global
	GlobalSection(SolutionConfigurationPlatforms) = preSolution
		Debug|Any CPU = Debug|Any CPU
		Release|Any CPU = Release|Any CPU
	EndGlobalSection
	GlobalSection(ProjectConfigurationPlatforms) = postSolution
		{204E429F-D219-46F4-97B7-E58B632CD0E4}.Debug|Any CPU.ActiveCfg = Debug|Any CPU
		{204E429F-D219-46F4-97B7-E58B632CD0E4}.Debug|Any CPU.Build.0 = Debug|Any CPU
		{204E429F-D219-46F4-97B7-E58B632CD0E4}.Release|Any CPU.ActiveCfg = Release|Any CPU
		{204E429F-D219-46F4-97B7-E58B632CD0E4}.Release|Any CPU.Build.0 = Release|Any CPU
	EndGlobalSection
	GlobalSection(SolutionProperties) = preSolution
		HideSolutionNode = FALSE
	EndGlobalSection
EndGlobal
